
Microsoft Visual Studio Solution File, Format Version 12.00
# Visual Studio Version 16
VisualStudioVersion = 16.0.32407.337
MinimumVisualStudioVersion = 10.0.40219.1
Project("{FAE04EC0-301F-11D3-BF4B-00C04F79EFBC}") = "NewProject", "NewProject\NewProject.csproj", "{293B3855-DDEE-46B4-8163-24425DD16F47}"
EndProject
Project("{FAE04EC0-301F-11D3-BF4B-00C04F79EFBC}") = "ClassLibrary", "ClassLibrary\ClassLibrary.csproj", "{D74A5A7A-7255-4A8A-A1C7-58614E85047A}"
EndProject
Project("{FAE04EC0-301F-11D3-BF4B-00C04F79EFBC}") = "UnitTestProject", "UnitTestProject\UnitTestProject.csproj", "{3DA40EF0-EE34-4F05-B134-50E6775DB04F}"
EndProject
Global
	GlobalSection(SolutionConfigurationPlatforms) = preSolution
		Debug|Any CPU = Debug|Any CPU
		Release|Any CPU = Release|Any CPU
	EndGlobalSection
	GlobalSection(ProjectConfigurationPlatforms) = postSolution
		{293B3855-DDEE-46B4-8163-24425DD16F47}.Debug|Any CPU.ActiveCfg = Debug|Any CPU
		{293B3855-DDEE-46B4-8163-24425DD16F47}.Debug|Any CPU.Build.0 = Debug|Any CPU
		{293B3855-DDEE-46B4-8163-24425DD16F47}.Release|Any CPU.ActiveCfg = Release|Any CPU
		{293B3855-DDEE-46B4-8163-24425DD16F47}.Release|Any CPU.Build.0 = Release|Any CPU
		{D74A5A7A-7255-4A8A-A1C7-58614E85047A}.Debug|Any CPU.ActiveCfg = Debug|Any CPU
		{D74A5A7A-7255-4A8A-A1C7-58614E85047A}.Debug|Any CPU.Build.0 = Debug|Any CPU
		{D74A5A7A-7255-4A8A-A1C7-58614E85047A}.Release|Any CPU.ActiveCfg = Release|Any CPU
		{D74A5A7A-7255-4A8A-A1C7-58614E85047A}.Release|Any CPU.Build.0 = Release|Any CPU
		{3DA40EF0-EE34-4F05-B134-50E6775DB04F}.Debug|Any CPU.ActiveCfg = Debug|Any CPU
		{3DA40EF0-EE34-4F05-B134-50E6775DB04F}.Debug|Any CPU.Build.0 = Debug|Any CPU
		{3DA40EF0-EE34-4F05-B134-50E6775DB04F}.Release|Any CPU.ActiveCfg = Release|Any CPU
		{3DA40EF0-EE34-4F05-B134-50E6775DB04F}.Release|Any CPU.Build.0 = Release|Any CPU
	EndGlobalSection
	GlobalSection(SolutionProperties) = preSolution
		HideSolutionNode = FALSE
	EndGlobalSection
	GlobalSection(ExtensibilityGlobals) = postSolution
		SolutionGuid = {5268D406-9FBE-44CF-9A96-00287F9D9EBF}
	EndGlobalSection
EndGlobal
